
Microsoft Visual Studio Solution File, Format Version 12.00
# Visual Studio 15
VisualStudioVersion = 15.0.27428.2015
MinimumVisualStudioVersion = 10.0.40219.1
Project("{9A19103F-16F7-4668-BE54-9A1E7A4F7556}") = "ravi.learn.identity.web", "ravi.learn.identity.web\ravi.learn.identity.web.csproj", "{46241496-A3E2-44A0-9EFC-AD08C3150718}"
EndProject
Project("{9A19103F-16F7-4668-BE54-9A1E7A4F7556}") = "ravi.learn.identity.domain", "ravi.learn.identity.domain\ravi.learn.identity.domain.csproj", "{652EAADA-DC71-4EE2-9B21-8BF1666770FD}"
EndProject
Project("{9A19103F-16F7-4668-BE54-9A1E7A4F7556}") = "ravi.learn.identity.identityserver", "ravi.learn.identity.identityserver\ravi.learn.identity.identityserver.csproj", "{86D39DC3-A8AD-4FF4-AEB3-3AA67E0FD59B}"
EndProject
Project("{9A19103F-16F7-4668-BE54-9A1E7A4F7556}") = "ravi.learn.identity.api", "ravi.learn.identity.api\ravi.learn.identity.api.csproj", "{2E219240-FEA4-428F-94B2-05038E57C7D7}"
EndProject
Global
	GlobalSection(SolutionConfigurationPlatforms) = preSolution
		Debug|Any CPU = Debug|Any CPU
		Release|Any CPU = Release|Any CPU
	EndGlobalSection
	GlobalSection(ProjectConfigurationPlatforms) = postSolution
		{46241496-A3E2-44A0-9EFC-AD08C3150718}.Debug|Any CPU.ActiveCfg = Debug|Any CPU
		{46241496-A3E2-44A0-9EFC-AD08C3150718}.Debug|Any CPU.Build.0 = Debug|Any CPU
		{46241496-A3E2-44A0-9EFC-AD08C3150718}.Release|Any CPU.ActiveCfg = Release|Any CPU
		{46241496-A3E2-44A0-9EFC-AD08C3150718}.Release|Any CPU.Build.0 = Release|Any CPU
		{652EAADA-DC71-4EE2-9B21-8BF1666770FD}.Debug|Any CPU.ActiveCfg = Debug|Any CPU
		{652EAADA-DC71-4EE2-9B21-8BF1666770FD}.Debug|Any CPU.Build.0 = Debug|Any CPU
		{652EAADA-DC71-4EE2-9B21-8BF1666770FD}.Release|Any CPU.ActiveCfg = Release|Any CPU
		{652EAADA-DC71-4EE2-9B21-8BF1666770FD}.Release|Any CPU.Build.0 = Release|Any CPU
		{86D39DC3-A8AD-4FF4-AEB3-3AA67E0FD59B}.Debug|Any CPU.ActiveCfg = Debug|Any CPU
		{86D39DC3-A8AD-4FF4-AEB3-3AA67E0FD59B}.Debug|Any CPU.Build.0 = Debug|Any CPU
		{86D39DC3-A8AD-4FF4-AEB3-3AA67E0FD59B}.Release|Any CPU.ActiveCfg = Release|Any CPU
		{86D39DC3-A8AD-4FF4-AEB3-3AA67E0FD59B}.Release|Any CPU.Build.0 = Release|Any CPU
		{2E219240-FEA4-428F-94B2-05038E57C7D7}.Debug|Any CPU.ActiveCfg = Debug|Any CPU
		{2E219240-FEA4-428F-94B2-05038E57C7D7}.Debug|Any CPU.Build.0 = Debug|Any CPU
		{2E219240-FEA4-428F-94B2-05038E57C7D7}.Release|Any CPU.ActiveCfg = Release|Any CPU
		{2E219240-FEA4-428F-94B2-05038E57C7D7}.Release|Any CPU.Build.0 = Release|Any CPU
	EndGlobalSection
	GlobalSection(SolutionProperties) = preSolution
		HideSolutionNode = FALSE
	EndGlobalSection
	GlobalSection(ExtensibilityGlobals) = postSolution
		SolutionGuid = {4EC8BF5A-79F0-4B1E-A300-0D95CF162284}
	EndGlobalSection
EndGlobal
